// !$*UTF8*$!
{
	archiveVersion = 1;
	classes = {
	};
	objectVersion = 55;
	objects = {

/* Begin PBXBuildFile section */
		422B69042AE8675D00402EB9 /* AppDelegate.swift in Sources */ = {isa = PBXBuildFile; fileRef = 422B69032AE8675D00402EB9 /* AppDelegate.swift */; };
		422B69062AE8675D00402EB9 /* SceneDelegate.swift in Sources */ = {isa = PBXBuildFile; fileRef = 422B69052AE8675D00402EB9 /* SceneDelegate.swift */; };
		422B69082AE8675E00402EB9 /* ViewController.swift in Sources */ = {isa = PBXBuildFile; fileRef = 422B69072AE8675E00402EB9 /* ViewController.swift */; };
		422B690E2AE8675E00402EB9 /* TapiaColeccionDeJuegos.xcdatamodeld in Sources */ = {isa = PBXBuildFile; fileRef = 422B690C2AE8675E00402EB9 /* TapiaColeccionDeJuegos.xcdatamodeld */; };
		422B69102AE8676000402EB9 /* Assets.xcassets in Resources */ = {isa = PBXBuildFile; fileRef = 422B690F2AE8676000402EB9 /* Assets.xcassets */; };
		422B69132AE8676000402EB9 /* LaunchScreen.storyboard in Resources */ = {isa = PBXBuildFile; fileRef = 422B69112AE8676000402EB9 /* LaunchScreen.storyboard */; };
		422B691E2AE871AE00402EB9 /* Main.storyboard in Resources */ = {isa = PBXBuildFile; fileRef = 422B691C2AE871AE00402EB9 /* Main.storyboard */; };
		422B69222AE874C200402EB9 /* JuegosViewController.swift in Sources */ = {isa = PBXBuildFile; fileRef = 422B69212AE874C200402EB9 /* JuegosViewController.swift */; };
/* End PBXBuildFile section */

/* Begin PBXFileReference section */
		422B69002AE8675D00402EB9 /* TapiaColeccionDeJuegos.app */ = {isa = PBXFileReference; explicitFileType = wrapper.application; includeInIndex = 0; path = TapiaColeccionDeJuegos.app; sourceTree = BUILT_PRODUCTS_DIR; };
		422B69032AE8675D00402EB9 /* AppDelegate.swift */ = {isa = PBXFileReference; lastKnownFileType = sourcecode.swift; path = AppDelegate.swift; sourceTree = "<group>"; };
		422B69052AE8675D00402EB9 /* SceneDelegate.swift */ = {isa = PBXFileReference; lastKnownFileType = sourcecode.swift; path = SceneDelegate.swift; sourceTree = "<group>"; };
		422B69072AE8675E00402EB9 /* ViewController.swift */ = {isa = PBXFileReference; lastKnownFileType = sourcecode.swift; path = ViewController.swift; sourceTree = "<group>"; };
		422B690D2AE8675E00402EB9 /* TapiaColeccionDeJuegos.xcdatamodel */ = {isa = PBXFileReference; lastKnownFileType = wrapper.xcdatamodel; path = TapiaColeccionDeJuegos.xcdatamodel; sourceTree = "<group>"; };
		422B690F2AE8676000402EB9 /* Assets.xcassets */ = {isa = PBXFileReference; lastKnownFileType = folder.assetcatalog; path = Assets.xcassets; sourceTree = "<group>"; };
		422B69122AE8676000402EB9 /* Base */ = {isa = PBXFileReference; lastKnownFileType = file.storyboard; name = Base; path = Base.lproj/LaunchScreen.storyboard; sourceTree = "<group>"; };
		422B69142AE8676000402EB9 /* Info.plist */ = {isa = PBXFileReference; lastKnownFileType = text.plist.xml; path = Info.plist; sourceTree = "<group>"; };
		422B691D2AE871AE00402EB9 /* Base */ = {isa = PBXFileReference; lastKnownFileType = file.storyboard; name = Base; path = Base.lproj/Main.storyboard; sourceTree = "<group>"; };
		422B69212AE874C200402EB9 /* JuegosViewController.swift */ = {isa = PBXFileReference; lastKnownFileType = sourcecode.swift; path = JuegosViewController.swift; sourceTree = "<group>"; };
/* End PBXFileReference section */

/* Begin PBXFrameworksBuildPhase section */
		422B68FD2AE8675D00402EB9 /* Frameworks */ = {
			isa = PBXFrameworksBuildPhase;
			buildActionMask = 2147483647;
			files = (
			);
			runOnlyForDeploymentPostprocessing = 0;
		};
/* End PBXFrameworksBuildPhase section */

/* Begin PBXGroup section */
		422B68F72AE8675D00402EB9 = {
			isa = PBXGroup;
			children = (
				422B69022AE8675D00402EB9 /* TapiaColeccionDeJuegos */,
				422B69012AE8675D00402EB9 /* Products */,
			);
			sourceTree = "<group>";
		};
		422B69012AE8675D00402EB9 /* Products */ = {
			isa = PBXGroup;
			children = (
				422B69002AE8675D00402EB9 /* TapiaColeccionDeJuegos.app */,
			);
			name = Products;
			sourceTree = "<group>";
		};
		422B69022AE8675D00402EB9 /* TapiaColeccionDeJuegos */ = {
			isa = PBXGroup;
			children = (
				422B69032AE8675D00402EB9 /* AppDelegate.swift */,
				422B69052AE8675D00402EB9 /* SceneDelegate.swift */,
				422B69072AE8675E00402EB9 /* ViewController.swift */,
				422B690F2AE8676000402EB9 /* Assets.xcassets */,
				422B69112AE8676000402EB9 /* LaunchScreen.storyboard */,
				422B691C2AE871AE00402EB9 /* Main.storyboard */,
				422B69212AE874C200402EB9 /* JuegosViewController.swift */,
				422B69142AE8676000402EB9 /* Info.plist */,
				422B690C2AE8675E00402EB9 /* TapiaColeccionDeJuegos.xcdatamodeld */,
			);
			path = TapiaColeccionDeJuegos;
			sourceTree = "<group>";
		};
/* End PBXGroup section */

/* Begin PBXNativeTarget section */
		422B68FF2AE8675D00402EB9 /* TapiaColeccionDeJuegos */ = {
			isa = PBXNativeTarget;
			buildConfigurationList = 422B69172AE8676000402EB9 /* Build configuration list for PBXNativeTarget "TapiaColeccionDeJuegos" */;
			buildPhases = (
				422B68FC2AE8675D00402EB9 /* Sources */,
				422B68FD2AE8675D00402EB9 /* Frameworks */,
				422B68FE2AE8675D00402EB9 /* Resources */,
			);
			buildRules = (
			);
			dependencies = (
			);
			name = TapiaColeccionDeJuegos;
			productName = TapiaColeccionDeJuegos;
			productReference = 422B69002AE8675D00402EB9 /* TapiaColeccionDeJuegos.app */;
			productType = "com.apple.product-type.application";
		};
/* End PBXNativeTarget section */

/* Begin PBXProject section */
		422B68F82AE8675D00402EB9 /* Project object */ = {
			isa = PBXProject;
			attributes = {
				BuildIndependentTargetsInParallel = 1;
				LastSwiftUpdateCheck = 1330;
				LastUpgradeCheck = 1330;
				TargetAttributes = {
					422B68FF2AE8675D00402EB9 = {
						CreatedOnToolsVersion = 13.3.1;
					};
				};
			};
			buildConfigurationList = 422B68FB2AE8675D00402EB9 /* Build configuration list for PBXProject "TapiaColeccionDeJuegos" */;
			compatibilityVersion = "Xcode 13.0";
			developmentRegion = en;
			hasScannedForEncodings = 0;
			knownRegions = (
				en,
				Base,
			);
			mainGroup = 422B68F72AE8675D00402EB9;
			productRefGroup = 422B69012AE8675D00402EB9 /* Products */;
			projectDirPath = "";
			projectRoot = "";
			targets = (
				422B68FF2AE8675D00402EB9 /* TapiaColeccionDeJuegos */,
			);
		};
/* End PBXProject section */

/* Begin PBXResourcesBuildPhase section */
		422B68FE2AE8675D00402EB9 /* Resources */ = {
			isa = PBXResourcesBuildPhase;
			buildActionMask = 2147483647;
			files = (
				422B691E2AE871AE00402EB9 /* Main.storyboard in Resources */,
				422B69132AE8676000402EB9 /* LaunchScreen.storyboard in Resources */,
				422B69102AE8676000402EB9 /* Assets.xcassets in Resources */,
			);
			runOnlyForDeploymentPostprocessing = 0;
		};
/* End PBXResourcesBuildPhase section */

/* Begin PBXSourcesBuildPhase section */
		422B68FC2AE8675D00402EB9 /* Sources */ = {
			isa = PBXSourcesBuildPhase;
			buildActionMask = 2147483647;
			files = (
				422B69222AE874C200402EB9 /* JuegosViewController.swift in Sources */,
				422B69082AE8675E00402EB9 /* ViewController.swift in Sources */,
				422B69042AE8675D00402EB9 /* AppDelegate.swift in Sources */,
				422B69062AE8675D00402EB9 /* SceneDelegate.swift in Sources */,
				422B690E2AE8675E00402EB9 /* TapiaColeccionDeJuegos.xcdatamodeld in Sources */,
			);
			runOnlyForDeploymentPostprocessing = 0;
		};
/* End PBXSourcesBuildPhase section */

/* Begin PBXVariantGroup section */
		422B69112AE8676000402EB9 /* LaunchScreen.storyboard */ = {
			isa = PBXVariantGroup;
			children = (
				422B69122AE8676000402EB9 /* Base */,
			);
			name = LaunchScreen.storyboard;
			sourceTree = "<group>";
		};
		422B691C2AE871AE00402EB9 /* Main.storyboard */ = {
			isa = PBXVariantGroup;
			children = (
				422B691D2AE871AE00402EB9 /* Base */,
			);
			name = Main.storyboard;
			sourceTree = "<group>";
		};
/* End PBXVariantGroup section */

/* Begin XCBuildConfiguration section */
		422B69152AE8676000402EB9 /* Debug */ = {
			isa = XCBuildConfiguration;
			buildSettings = {
				ALWAYS_SEARCH_USER_PATHS = NO;
				CLANG_ANALYZER_NONNULL = YES;
				CLANG_ANALYZER_NUMBER_OBJECT_CONVERSION = YES_AGGRESSIVE;
				CLANG_CXX_LANGUAGE_STANDARD = "gnu++17";
				CLANG_ENABLE_MODULES = YES;
				CLANG_ENABLE_OBJC_ARC = YES;
				CLANG_ENABLE_OBJC_WEAK = YES;
				CLANG_WARN_BLOCK_CAPTURE_AUTORELEASING = YES;
				CLANG_WARN_BOOL_CONVERSION = YES;
				CLANG_WARN_COMMA = YES;
				CLANG_WARN_CONSTANT_CONVERSION = YES;
				CLANG_WARN_DEPRECATED_OBJC_IMPLEMENTATIONS = YES;
				CLANG_WARN_DIRECT_OBJC_ISA_USAGE = YES_ERROR;
				CLANG_WARN_DOCUMENTATION_COMMENTS = YES;
				CLANG_WARN_EMPTY_BODY = YES;
				CLANG_WARN_ENUM_CONVERSION = YES;
				CLANG_WARN_INFINITE_RECURSION = YES;
				CLANG_WARN_INT_CONVERSION = YES;
				CLANG_WARN_NON_LITERAL_NULL_CONVERSION = YES;
				CLANG_WARN_OBJC_IMPLICIT_RETAIN_SELF = YES;
				CLANG_WARN_OBJC_LITERAL_CONVERSION = YES;
				CLANG_WARN_OBJC_ROOT_CLASS = YES_ERROR;
				CLANG_WARN_QUOTED_INCLUDE_IN_FRAMEWORK_HEADER = YES;
				CLANG_WARN_RANGE_LOOP_ANALYSIS = YES;
				CLANG_WARN_STRICT_PROTOTYPES = YES;
				CLANG_WARN_SUSPICIOUS_MOVE = YES;
				CLANG_WARN_UNGUARDED_AVAILABILITY = YES_AGGRESSIVE;
				CLANG_WARN_UNREACHABLE_CODE = YES;
				CLANG_WARN__DUPLICATE_METHOD_MATCH = YES;
				COPY_PHASE_STRIP = NO;
				DEBUG_INFORMATION_FORMAT = dwarf;
				ENABLE_STRICT_OBJC_MSGSEND = YES;
				ENABLE_TESTABILITY = YES;
				GCC_C_LANGUAGE_STANDARD = gnu11;
				GCC_DYNAMIC_NO_PIC = NO;
				GCC_NO_COMMON_BLOCKS = YES;
				GCC_OPTIMIZATION_LEVEL = 0;
				GCC_PREPROCESSOR_DEFINITIONS = (
					"DEBUG=1",
					"$(inherited)",
				);
				GCC_WARN_64_TO_32_BIT_CONVERSION = YES;
				GCC_WARN_ABOUT_RETURN_TYPE = YES_ERROR;
				GCC_WARN_UNDECLARED_SELECTOR = YES;
				GCC_WARN_UNINITIALIZED_AUTOS = YES_AGGRESSIVE;
				GCC_WARN_UNUSED_FUNCTION = YES;
				GCC_WARN_UNUSED_VARIABLE = YES;
				IPHONEOS_DEPLOYMENT_TARGET = 15.4;
				MTL_ENABLE_DEBUG_INFO = INCLUDE_SOURCE;
				MTL_FAST_MATH = YES;
				ONLY_ACTIVE_ARCH = YES;
				SDKROOT = iphoneos;
				SWIFT_ACTIVE_COMPILATION_CONDITIONS = DEBUG;
				SWIFT_OPTIMIZATION_LEVEL = "-Onone";
			};
			name = Debug;
		};
		422B69162AE8676000402EB9 /* Release */ = {
			isa = XCBuildConfiguration;
			buildSettings = {
				ALWAYS_SEARCH_USER_PATHS = NO;
				CLANG_ANALYZER_NONNULL = YES;
				CLANG_ANALYZER_NUMBER_OBJECT_CONVERSION = YES_AGGRESSIVE;
				CLANG_CXX_LANGUAGE_STANDARD = "gnu++17";
				CLANG_ENABLE_MODULES = YES;
				CLANG_ENABLE_OBJC_ARC = YES;
				CLANG_ENABLE_OBJC_WEAK = YES;
				CLANG_WARN_BLOCK_CAPTURE_AUTORELEASING = YES;
				CLANG_WARN_BOOL_CONVERSION = YES;
				CLANG_WARN_COMMA = YES;
				CLANG_WARN_CONSTANT_CONVERSION = YES;
				CLANG_WARN_DEPRECATED_OBJC_IMPLEMENTATIONS = YES;
				CLANG_WARN_DIRECT_OBJC_ISA_USAGE = YES_ERROR;
				CLANG_WARN_DOCUMENTATION_COMMENTS = YES;
				CLANG_WARN_EMPTY_BODY = YES;
				CLANG_WARN_ENUM_CONVERSION = YES;
				CLANG_WARN_INFINITE_RECURSION = YES;
				CLANG_WARN_INT_CONVERSION = YES;
				CLANG_WARN_NON_LITERAL_NULL_CONVERSION = YES;
				CLANG_WARN_OBJC_IMPLICIT_RETAIN_SELF = YES;
				CLANG_WARN_OBJC_LITERAL_CONVERSION = YES;
				CLANG_WARN_OBJC_ROOT_CLASS = YES_ERROR;
				CLANG_WARN_QUOTED_INCLUDE_IN_FRAMEWORK_HEADER = YES;
				CLANG_WARN_RANGE_LOOP_ANALYSIS = YES;
				CLANG_WARN_STRICT_PROTOTYPES = YES;
				CLANG_WARN_SUSPICIOUS_MOVE = YES;
				CLANG_WARN_UNGUARDED_AVAILABILITY = YES_AGGRESSIVE;
				CLANG_WARN_UNREACHABLE_CODE = YES;
				CLANG_WARN__DUPLICATE_METHOD_MATCH = YES;
				COPY_PHASE_STRIP = NO;
				DEBUG_INFORMATION_FORMAT = "dwarf-with-dsym";
				ENABLE_NS_ASSERTIONS = NO;
				ENABLE_STRICT_OBJC_MSGSEND = YES;
				GCC_C_LANGUAGE_STANDARD = gnu11;
				GCC_NO_COMMON_BLOCKS = YES;
				GCC_WARN_64_TO_32_BIT_CONVERSION = YES;
				GCC_WARN_ABOUT_RETURN_TYPE = YES_ERROR;
				GCC_WARN_UNDECLARED_SELECTOR = YES;
				GCC_WARN_UNINITIALIZED_AUTOS = YES_AGGRESSIVE;
				GCC_WARN_UNUSED_FUNCTION = YES;
				GCC_WARN_UNUSED_VARIABLE = YES;
				IPHONEOS_DEPLOYMENT_TARGET = 15.4;
				MTL_ENABLE_DEBUG_INFO = NO;
				MTL_FAST_MATH = YES;
				SDKROOT = iphoneos;
				SWIFT_COMPILATION_MODE = wholemodule;
				SWIFT_OPTIMIZATION_LEVEL = "-O";
				VALIDATE_PRODUCT = YES;
			};
			name = Release;
		};
		422B69182AE8676000402EB9 /* Debug */ = {
			isa = XCBuildConfiguration;
			buildSettings = {
				ASSETCATALOG_COMPILER_APPICON_NAME = AppIcon;
				ASSETCATALOG_COMPILER_GLOBAL_ACCENT_COLOR_NAME = AccentColor;
				CODE_SIGN_STYLE = Automatic;
				CURRENT_PROJECT_VERSION = 1;
				GENERATE_INFOPLIST_FILE = YES;
				INFOPLIST_FILE = TapiaColeccionDeJuegos/Info.plist;
				INFOPLIST_KEY_CFBundleDisplayName = CorreaColeccionDeJuegos;
				INFOPLIST_KEY_NSPhotoLibraryUsageDescription = "La aplicación Colección de Juegos necesita acceso a tus imágenes =)";
				INFOPLIST_KEY_UIApplicationSupportsIndirectInputEvents = YES;
				INFOPLIST_KEY_UILaunchStoryboardName = LaunchScreen;
				INFOPLIST_KEY_UIMainStoryboardFile = Main;
				INFOPLIST_KEY_UISupportedInterfaceOrientations_iPad = "UIInterfaceOrientationPortrait UIInterfaceOrientationPortraitUpsideDown UIInterfaceOrientationLandscapeLeft UIInterfaceOrientationLandscapeRight";
				INFOPLIST_KEY_UISupportedInterfaceOrientations_iPhone = "UIInterfaceOrientationPortrait UIInterfaceOrientationLandscapeLeft UIInterfaceOrientationLandscapeRight";
				LD_RUNPATH_SEARCH_PATHS = (
					"$(inherited)",
					"@executable_path/Frameworks",
				);
				MARKETING_VERSION = 1.0;
				PRODUCT_BUNDLE_IDENTIFIER = empresa.CorreaColeccionDeJuegos;
				PRODUCT_NAME = "$(TARGET_NAME)";
				SWIFT_EMIT_LOC_STRINGS = YES;
				SWIFT_VERSION = 5.0;
				TARGETED_DEVICE_FAMILY = "1,2";
			};
			name = Debug;
		};
		422B69192AE8676000402EB9 /* Release */ = {
			isa = XCBuildConfiguration;
			buildSettings = {
				ASSETCATALOG_COMPILER_APPICON_NAME = AppIcon;
				ASSETCATALOG_COMPILER_GLOBAL_ACCENT_COLOR_NAME = AccentColor;
				CODE_SIGN_STYLE = Automatic;
				CURRENT_PROJECT_VERSION = 1;
				GENERATE_INFOPLIST_FILE = YES;
				INFOPLIST_FILE = TapiaColeccionDeJuegos/Info.plist;
				INFOPLIST_KEY_CFBundleDisplayName = CorreaColeccionDeJuegos;
				INFOPLIST_KEY_NSPhotoLibraryUsageDescription = "La aplicación Colección de Juegos necesita acceso a tus imágenes =)";
				INFOPLIST_KEY_UIApplicationSupportsIndirectInputEvents = YES;
				INFOPLIST_KEY_UILaunchStoryboardName = LaunchScreen;
				INFOPLIST_KEY_UIMainStoryboardFile = Main;
				INFOPLIST_KEY_UISupportedInterfaceOrientations_iPad = "UIInterfaceOrientationPortrait UIInterfaceOrientationPortraitUpsideDown UIInterfaceOrientationLandscapeLeft UIInterfaceOrientationLandscapeRight";
				INFOPLIST_KEY_UISupportedInterfaceOrientations_iPhone = "UIInterfaceOrientationPortrait UIInterfaceOrientationLandscapeLeft UIInterfaceOrientationLandscapeRight";
				LD_RUNPATH_SEARCH_PATHS = (
					"$(inherited)",
					"@executable_path/Frameworks",
				);
				MARKETING_VERSION = 1.0;
				PRODUCT_BUNDLE_IDENTIFIER = empresa.CorreaColeccionDeJuegos;
				PRODUCT_NAME = "$(TARGET_NAME)";
				SWIFT_EMIT_LOC_STRINGS = YES;
				SWIFT_VERSION = 5.0;
				TARGETED_DEVICE_FAMILY = "1,2";
			};
			name = Release;
		};
/* End XCBuildConfiguration section */

/* Begin XCConfigurationList section */
		422B68FB2AE8675D00402EB9 /* Build configuration list for PBXProject "TapiaColeccionDeJuegos" */ = {
			isa = XCConfigurationList;
			buildConfigurations = (
				422B69152AE8676000402EB9 /* Debug */,
				422B69162AE8676000402EB9 /* Release */,
			);
			defaultConfigurationIsVisible = 0;
			defaultConfigurationName = Release;
		};
		422B69172AE8676000402EB9 /* Build configuration list for PBXNativeTarget "TapiaColeccionDeJuegos" */ = {
			isa = XCConfigurationList;
			buildConfigurations = (
				422B69182AE8676000402EB9 /* Debug */,
				422B69192AE8676000402EB9 /* Release */,
			);
			defaultConfigurationIsVisible = 0;
			defaultConfigurationName = Release;
		};
/* End XCConfigurationList section */

/* Begin XCVersionGroup section */
		422B690C2AE8675E00402EB9 /* TapiaColeccionDeJuegos.xcdatamodeld */ = {
			isa = XCVersionGroup;
			children = (
				422B690D2AE8675E00402EB9 /* TapiaColeccionDeJuegos.xcdatamodel */,
			);
			currentVersion = 422B690D2AE8675E00402EB9 /* TapiaColeccionDeJuegos.xcdatamodel */;
			path = TapiaColeccionDeJuegos.xcdatamodeld;
			sourceTree = "<group>";
			versionGroupType = wrapper.xcdatamodel;
		};
/* End XCVersionGroup section */
	};
	rootObject = 422B68F82AE8675D00402EB9 /* Project object */;
}
